// !$*UTF8*$!
{
	archiveVersion = 1;
	classes = {
	};
	objectVersion = 56;
	objects = {

/* Begin PBXBuildFile section */
		02030B412CA9487F0031191D /* HourOfWeatherView.swift in Sources */ = {isa = PBXBuildFile; fileRef = 02030B402CA9487F0031191D /* HourOfWeatherView.swift */; };
		0203C5D22CCCB0E30043D0D4 /* HourOfWeather.swift in Sources */ = {isa = PBXBuildFile; fileRef = 0203C5D12CCCB0E30043D0D4 /* HourOfWeather.swift */; };
		0203C5D42CCE843D0043D0D4 /* CurrentWeather.swift in Sources */ = {isa = PBXBuildFile; fileRef = 0203C5D32CCE843D0043D0D4 /* CurrentWeather.swift */; };
		020F6CA42CB2E24700790939 /* DayOfWeatherView.swift in Sources */ = {isa = PBXBuildFile; fileRef = 020F6CA32CB2E24700790939 /* DayOfWeatherView.swift */; };
		020F6CA62CB2EAA800790939 /* GradientBar.swift in Sources */ = {isa = PBXBuildFile; fileRef = 020F6CA52CB2EAA800790939 /* GradientBar.swift */; };
		02465B6E2C9EE5370021D684 /* TabbarView.swift in Sources */ = {isa = PBXBuildFile; fileRef = 02465B6D2C9EE5370021D684 /* TabbarView.swift */; };
		025F57872CD8BF07009D4C54 /* WeatherCode.swift in Sources */ = {isa = PBXBuildFile; fileRef = 025F57862CD8BF07009D4C54 /* WeatherCode.swift */; };
		02D525CB2CA0885E00AB994D /* StudyView.swift in Sources */ = {isa = PBXBuildFile; fileRef = 02D525CA2CA0885E00AB994D /* StudyView.swift */; };
		02E9A3592C9EB3300004AE8C /* WeatherApp.swift in Sources */ = {isa = PBXBuildFile; fileRef = 02E9A3582C9EB3300004AE8C /* WeatherApp.swift */; };
		02E9A35B2C9EB3300004AE8C /* MainView.swift in Sources */ = {isa = PBXBuildFile; fileRef = 02E9A35A2C9EB3300004AE8C /* MainView.swift */; };
		02E9A35D2C9EB3310004AE8C /* Assets.xcassets in Resources */ = {isa = PBXBuildFile; fileRef = 02E9A35C2C9EB3310004AE8C /* Assets.xcassets */; };
		02E9A3602C9EB3310004AE8C /* Preview Assets.xcassets in Resources */ = {isa = PBXBuildFile; fileRef = 02E9A35F2C9EB3310004AE8C /* Preview Assets.xcassets */; };
		02ED4DEC2CCCA27100535F85 /* ComposableArchitecture in Frameworks */ = {isa = PBXBuildFile; productRef = 02ED4DEB2CCCA27100535F85 /* ComposableArchitecture */; };
		02ED4DEE2CCCA89800535F85 /* MainFeature.swift in Sources */ = {isa = PBXBuildFile; fileRef = 02ED4DED2CCCA89800535F85 /* MainFeature.swift */; };
/* End PBXBuildFile section */

/* Begin PBXFileReference section */
		02030B402CA9487F0031191D /* HourOfWeatherView.swift */ = {isa = PBXFileReference; lastKnownFileType = sourcecode.swift; path = HourOfWeatherView.swift; sourceTree = "<group>"; };
		0203C5D12CCCB0E30043D0D4 /* HourOfWeather.swift */ = {isa = PBXFileReference; lastKnownFileType = sourcecode.swift; path = HourOfWeather.swift; sourceTree = "<group>"; };
		0203C5D32CCE843D0043D0D4 /* CurrentWeather.swift */ = {isa = PBXFileReference; lastKnownFileType = sourcecode.swift; path = CurrentWeather.swift; sourceTree = "<group>"; };
		020F6CA32CB2E24700790939 /* DayOfWeatherView.swift */ = {isa = PBXFileReference; lastKnownFileType = sourcecode.swift; path = DayOfWeatherView.swift; sourceTree = "<group>"; };
		020F6CA52CB2EAA800790939 /* GradientBar.swift */ = {isa = PBXFileReference; lastKnownFileType = sourcecode.swift; path = GradientBar.swift; sourceTree = "<group>"; };
		02465B6D2C9EE5370021D684 /* TabbarView.swift */ = {isa = PBXFileReference; lastKnownFileType = sourcecode.swift; path = TabbarView.swift; sourceTree = "<group>"; };
		025F57842CD8AF3F009D4C54 /* secretConfig.xcconfig */ = {isa = PBXFileReference; lastKnownFileType = text.xcconfig; path = secretConfig.xcconfig; sourceTree = "<group>"; };
		025F57852CD8B0D0009D4C54 /* Info.plist */ = {isa = PBXFileReference; lastKnownFileType = text.plist; path = Info.plist; sourceTree = "<group>"; };
		025F57862CD8BF07009D4C54 /* WeatherCode.swift */ = {isa = PBXFileReference; lastKnownFileType = sourcecode.swift; path = WeatherCode.swift; sourceTree = "<group>"; };
		02D525CA2CA0885E00AB994D /* StudyView.swift */ = {isa = PBXFileReference; lastKnownFileType = sourcecode.swift; path = StudyView.swift; sourceTree = "<group>"; };
		02E9A3552C9EB3300004AE8C /* Weather.app */ = {isa = PBXFileReference; explicitFileType = wrapper.application; includeInIndex = 0; path = Weather.app; sourceTree = BUILT_PRODUCTS_DIR; };
		02E9A3582C9EB3300004AE8C /* WeatherApp.swift */ = {isa = PBXFileReference; lastKnownFileType = sourcecode.swift; path = WeatherApp.swift; sourceTree = "<group>"; };
		02E9A35A2C9EB3300004AE8C /* MainView.swift */ = {isa = PBXFileReference; lastKnownFileType = sourcecode.swift; path = MainView.swift; sourceTree = "<group>"; };
		02E9A35C2C9EB3310004AE8C /* Assets.xcassets */ = {isa = PBXFileReference; lastKnownFileType = folder.assetcatalog; path = Assets.xcassets; sourceTree = "<group>"; };
		02E9A35F2C9EB3310004AE8C /* Preview Assets.xcassets */ = {isa = PBXFileReference; lastKnownFileType = folder.assetcatalog; path = "Preview Assets.xcassets"; sourceTree = "<group>"; };
		02ED4DED2CCCA89800535F85 /* MainFeature.swift */ = {isa = PBXFileReference; lastKnownFileType = sourcecode.swift; path = MainFeature.swift; sourceTree = "<group>"; };
/* End PBXFileReference section */

/* Begin PBXFrameworksBuildPhase section */
		02E9A3522C9EB3300004AE8C /* Frameworks */ = {
			isa = PBXFrameworksBuildPhase;
			buildActionMask = 2147483647;
			files = (
				02ED4DEC2CCCA27100535F85 /* ComposableArchitecture in Frameworks */,
			);
			runOnlyForDeploymentPostprocessing = 0;
		};
/* End PBXFrameworksBuildPhase section */

/* Begin PBXGroup section */
		02030B3F2CA948680031191D /* Cell */ = {
			isa = PBXGroup;
			children = (
				02030B402CA9487F0031191D /* HourOfWeatherView.swift */,
				020F6CA32CB2E24700790939 /* DayOfWeatherView.swift */,
				020F6CA52CB2EAA800790939 /* GradientBar.swift */,
			);
			path = Cell;
			sourceTree = "<group>";
		};
		0203C5D02CCCB0490043D0D4 /* Model */ = {
			isa = PBXGroup;
			children = (
				0203C5D12CCCB0E30043D0D4 /* HourOfWeather.swift */,
				0203C5D32CCE843D0043D0D4 /* CurrentWeather.swift */,
			);
			path = Model;
			sourceTree = "<group>";
		};
		02465B662C9EDEB40021D684 /* Features */ = {
			isa = PBXGroup;
			children = (
				02465B6D2C9EE5370021D684 /* TabbarView.swift */,
				02465B6A2C9EDF420021D684 /* Main */,
				02465B6B2C9EDF470021D684 /* List */,
				02465B6C2C9EDF4D0021D684 /* Map */,
			);
			path = Features;
			sourceTree = "<group>";
		};
		02465B672C9EDECC0021D684 /* Resources */ = {
			isa = PBXGroup;
			children = (
				02E9A35C2C9EB3310004AE8C /* Assets.xcassets */,
			);
			path = Resources;
			sourceTree = "<group>";
		};
		02465B6A2C9EDF420021D684 /* Main */ = {
			isa = PBXGroup;
			children = (
				0203C5D02CCCB0490043D0D4 /* Model */,
				02030B3F2CA948680031191D /* Cell */,
				02E9A35A2C9EB3300004AE8C /* MainView.swift */,
				02ED4DED2CCCA89800535F85 /* MainFeature.swift */,
				025F57862CD8BF07009D4C54 /* WeatherCode.swift */,
			);
			path = Main;
			sourceTree = "<group>";
		};
		02465B6B2C9EDF470021D684 /* List */ = {
			isa = PBXGroup;
			children = (
			);
			path = List;
			sourceTree = "<group>";
		};
		02465B6C2C9EDF4D0021D684 /* Map */ = {
			isa = PBXGroup;
			children = (
			);
			path = Map;
			sourceTree = "<group>";
		};
		02E9A34C2C9EB32F0004AE8C = {
			isa = PBXGroup;
			children = (
				025F57842CD8AF3F009D4C54 /* secretConfig.xcconfig */,
				02E9A3572C9EB3300004AE8C /* Weather */,
				02E9A3562C9EB3300004AE8C /* Products */,
			);
			sourceTree = "<group>";
		};
		02E9A3562C9EB3300004AE8C /* Products */ = {
			isa = PBXGroup;
			children = (
				02E9A3552C9EB3300004AE8C /* Weather.app */,
			);
			name = Products;
			sourceTree = "<group>";
		};
		02E9A3572C9EB3300004AE8C /* Weather */ = {
			isa = PBXGroup;
			children = (
				025F57852CD8B0D0009D4C54 /* Info.plist */,
				02E9A3582C9EB3300004AE8C /* WeatherApp.swift */,
				02D525CA2CA0885E00AB994D /* StudyView.swift */,
				02465B662C9EDEB40021D684 /* Features */,
				02465B672C9EDECC0021D684 /* Resources */,
				02E9A35E2C9EB3310004AE8C /* Preview Content */,
			);
			path = Weather;
			sourceTree = "<group>";
		};
		02E9A35E2C9EB3310004AE8C /* Preview Content */ = {
			isa = PBXGroup;
			children = (
				02E9A35F2C9EB3310004AE8C /* Preview Assets.xcassets */,
			);
			path = "Preview Content";
			sourceTree = "<group>";
		};
/* End PBXGroup section */

/* Begin PBXNativeTarget section */
		02E9A3542C9EB3300004AE8C /* Weather */ = {
			isa = PBXNativeTarget;
			buildConfigurationList = 02E9A3632C9EB3310004AE8C /* Build configuration list for PBXNativeTarget "Weather" */;
			buildPhases = (
				02E9A3512C9EB3300004AE8C /* Sources */,
				02E9A3522C9EB3300004AE8C /* Frameworks */,
				02E9A3532C9EB3300004AE8C /* Resources */,
			);
			buildRules = (
			);
			dependencies = (
			);
			name = Weather;
			productName = Weather;
			productReference = 02E9A3552C9EB3300004AE8C /* Weather.app */;
			productType = "com.apple.product-type.application";
		};
/* End PBXNativeTarget section */

/* Begin PBXProject section */
		02E9A34D2C9EB32F0004AE8C /* Project object */ = {
			isa = PBXProject;
			attributes = {
				BuildIndependentTargetsInParallel = 1;
				LastSwiftUpdateCheck = 1500;
				LastUpgradeCheck = 1500;
				TargetAttributes = {
					02E9A3542C9EB3300004AE8C = {
						CreatedOnToolsVersion = 15.0.1;
					};
				};
			};
			buildConfigurationList = 02E9A3502C9EB32F0004AE8C /* Build configuration list for PBXProject "Weather" */;
			compatibilityVersion = "Xcode 14.0";
			developmentRegion = en;
			hasScannedForEncodings = 0;
			knownRegions = (
				en,
				Base,
			);
			mainGroup = 02E9A34C2C9EB32F0004AE8C;
			packageReferences = (
				02ED4DEA2CCCA27100535F85 /* XCRemoteSwiftPackageReference "swift-composable-architecture" */,
			);
			productRefGroup = 02E9A3562C9EB3300004AE8C /* Products */;
			projectDirPath = "";
			projectRoot = "";
			targets = (
				02E9A3542C9EB3300004AE8C /* Weather */,
			);
		};
/* End PBXProject section */

/* Begin PBXResourcesBuildPhase section */
		02E9A3532C9EB3300004AE8C /* Resources */ = {
			isa = PBXResourcesBuildPhase;
			buildActionMask = 2147483647;
			files = (
				02E9A3602C9EB3310004AE8C /* Preview Assets.xcassets in Resources */,
				02E9A35D2C9EB3310004AE8C /* Assets.xcassets in Resources */,
			);
			runOnlyForDeploymentPostprocessing = 0;
		};
/* End PBXResourcesBuildPhase section */

/* Begin PBXSourcesBuildPhase section */
		02E9A3512C9EB3300004AE8C /* Sources */ = {
			isa = PBXSourcesBuildPhase;
			buildActionMask = 2147483647;
			files = (
				02465B6E2C9EE5370021D684 /* TabbarView.swift in Sources */,
				025F57872CD8BF07009D4C54 /* WeatherCode.swift in Sources */,
				0203C5D22CCCB0E30043D0D4 /* HourOfWeather.swift in Sources */,
				020F6CA62CB2EAA800790939 /* GradientBar.swift in Sources */,
				02E9A35B2C9EB3300004AE8C /* MainView.swift in Sources */,
				02ED4DEE2CCCA89800535F85 /* MainFeature.swift in Sources */,
				02030B412CA9487F0031191D /* HourOfWeatherView.swift in Sources */,
				02D525CB2CA0885E00AB994D /* StudyView.swift in Sources */,
				02E9A3592C9EB3300004AE8C /* WeatherApp.swift in Sources */,
				020F6CA42CB2E24700790939 /* DayOfWeatherView.swift in Sources */,
				0203C5D42CCE843D0043D0D4 /* CurrentWeather.swift in Sources */,
			);
			runOnlyForDeploymentPostprocessing = 0;
		};
/* End PBXSourcesBuildPhase section */

/* Begin XCBuildConfiguration section */
		02E9A3612C9EB3310004AE8C /* Debug */ = {
			isa = XCBuildConfiguration;
			baseConfigurationReference = 025F57842CD8AF3F009D4C54 /* secretConfig.xcconfig */;
			buildSettings = {
				ALWAYS_SEARCH_USER_PATHS = NO;
				ASSETCATALOG_COMPILER_GENERATE_SWIFT_ASSET_SYMBOL_EXTENSIONS = YES;
				CLANG_ANALYZER_NONNULL = YES;
				CLANG_ANALYZER_NUMBER_OBJECT_CONVERSION = YES_AGGRESSIVE;
				CLANG_CXX_LANGUAGE_STANDARD = "gnu++20";
				CLANG_ENABLE_MODULES = YES;
				CLANG_ENABLE_OBJC_ARC = YES;
				CLANG_ENABLE_OBJC_WEAK = YES;
				CLANG_WARN_BLOCK_CAPTURE_AUTORELEASING = YES;
				CLANG_WARN_BOOL_CONVERSION = YES;
				CLANG_WARN_COMMA = YES;
				CLANG_WARN_CONSTANT_CONVERSION = YES;
				CLANG_WARN_DEPRECATED_OBJC_IMPLEMENTATIONS = YES;
				CLANG_WARN_DIRECT_OBJC_ISA_USAGE = YES_ERROR;
				CLANG_WARN_DOCUMENTATION_COMMENTS = YES;
				CLANG_WARN_EMPTY_BODY = YES;
				CLANG_WARN_ENUM_CONVERSION = YES;
				CLANG_WARN_INFINITE_RECURSION = YES;
				CLANG_WARN_INT_CONVERSION = YES;
				CLANG_WARN_NON_LITERAL_NULL_CONVERSION = YES;
				CLANG_WARN_OBJC_IMPLICIT_RETAIN_SELF = YES;
				CLANG_WARN_OBJC_LITERAL_CONVERSION = YES;
				CLANG_WARN_OBJC_ROOT_CLASS = YES_ERROR;
				CLANG_WARN_QUOTED_INCLUDE_IN_FRAMEWORK_HEADER = YES;
				CLANG_WARN_RANGE_LOOP_ANALYSIS = YES;
				CLANG_WARN_STRICT_PROTOTYPES = YES;
				CLANG_WARN_SUSPICIOUS_MOVE = YES;
				CLANG_WARN_UNGUARDED_AVAILABILITY = YES_AGGRESSIVE;
				CLANG_WARN_UNREACHABLE_CODE = YES;
				CLANG_WARN__DUPLICATE_METHOD_MATCH = YES;
				COPY_PHASE_STRIP = NO;
				DEBUG_INFORMATION_FORMAT = dwarf;
				ENABLE_STRICT_OBJC_MSGSEND = YES;
				ENABLE_TESTABILITY = YES;
				ENABLE_USER_SCRIPT_SANDBOXING = YES;
				GCC_C_LANGUAGE_STANDARD = gnu17;
				GCC_DYNAMIC_NO_PIC = NO;
				GCC_NO_COMMON_BLOCKS = YES;
				GCC_OPTIMIZATION_LEVEL = 0;
				GCC_PREPROCESSOR_DEFINITIONS = (
					"DEBUG=1",
					"$(inherited)",
				);
				GCC_WARN_64_TO_32_BIT_CONVERSION = YES;
				GCC_WARN_ABOUT_RETURN_TYPE = YES_ERROR;
				GCC_WARN_UNDECLARED_SELECTOR = YES;
				GCC_WARN_UNINITIALIZED_AUTOS = YES_AGGRESSIVE;
				GCC_WARN_UNUSED_FUNCTION = YES;
				GCC_WARN_UNUSED_VARIABLE = YES;
				IPHONEOS_DEPLOYMENT_TARGET = 17.0;
				LOCALIZATION_PREFERS_STRING_CATALOGS = YES;
				MTL_ENABLE_DEBUG_INFO = INCLUDE_SOURCE;
				MTL_FAST_MATH = YES;
				ONLY_ACTIVE_ARCH = YES;
				SDKROOT = iphoneos;
				SWIFT_ACTIVE_COMPILATION_CONDITIONS = "DEBUG $(inherited)";
				SWIFT_OPTIMIZATION_LEVEL = "-Onone";
			};
			name = Debug;
		};
		02E9A3622C9EB3310004AE8C /* Release */ = {
			isa = XCBuildConfiguration;
			baseConfigurationReference = 025F57842CD8AF3F009D4C54 /* secretConfig.xcconfig */;
			buildSettings = {
				ALWAYS_SEARCH_USER_PATHS = NO;
				ASSETCATALOG_COMPILER_GENERATE_SWIFT_ASSET_SYMBOL_EXTENSIONS = YES;
				CLANG_ANALYZER_NONNULL = YES;
				CLANG_ANALYZER_NUMBER_OBJECT_CONVERSION = YES_AGGRESSIVE;
				CLANG_CXX_LANGUAGE_STANDARD = "gnu++20";
				CLANG_ENABLE_MODULES = YES;
				CLANG_ENABLE_OBJC_ARC = YES;
				CLANG_ENABLE_OBJC_WEAK = YES;
				CLANG_WARN_BLOCK_CAPTURE_AUTORELEASING = YES;
				CLANG_WARN_BOOL_CONVERSION = YES;
				CLANG_WARN_COMMA = YES;
				CLANG_WARN_CONSTANT_CONVERSION = YES;
				CLANG_WARN_DEPRECATED_OBJC_IMPLEMENTATIONS = YES;
				CLANG_WARN_DIRECT_OBJC_ISA_USAGE = YES_ERROR;
				CLANG_WARN_DOCUMENTATION_COMMENTS = YES;
				CLANG_WARN_EMPTY_BODY = YES;
				CLANG_WARN_ENUM_CONVERSION = YES;
				CLANG_WARN_INFINITE_RECURSION = YES;
				CLANG_WARN_INT_CONVERSION = YES;
				CLANG_WARN_NON_LITERAL_NULL_CONVERSION = YES;
				CLANG_WARN_OBJC_IMPLICIT_RETAIN_SELF = YES;
				CLANG_WARN_OBJC_LITERAL_CONVERSION = YES;
				CLANG_WARN_OBJC_ROOT_CLASS = YES_ERROR;
				CLANG_WARN_QUOTED_INCLUDE_IN_FRAMEWORK_HEADER = YES;
				CLANG_WARN_RANGE_LOOP_ANALYSIS = YES;
				CLANG_WARN_STRICT_PROTOTYPES = YES;
				CLANG_WARN_SUSPICIOUS_MOVE = YES;
				CLANG_WARN_UNGUARDED_AVAILABILITY = YES_AGGRESSIVE;
				CLANG_WARN_UNREACHABLE_CODE = YES;
				CLANG_WARN__DUPLICATE_METHOD_MATCH = YES;
				COPY_PHASE_STRIP = NO;
				DEBUG_INFORMATION_FORMAT = "dwarf-with-dsym";
				ENABLE_NS_ASSERTIONS = NO;
				ENABLE_STRICT_OBJC_MSGSEND = YES;
				ENABLE_USER_SCRIPT_SANDBOXING = YES;
				GCC_C_LANGUAGE_STANDARD = gnu17;
				GCC_NO_COMMON_BLOCKS = YES;
				GCC_WARN_64_TO_32_BIT_CONVERSION = YES;
				GCC_WARN_ABOUT_RETURN_TYPE = YES_ERROR;
				GCC_WARN_UNDECLARED_SELECTOR = YES;
				GCC_WARN_UNINITIALIZED_AUTOS = YES_AGGRESSIVE;
				GCC_WARN_UNUSED_FUNCTION = YES;
				GCC_WARN_UNUSED_VARIABLE = YES;
				IPHONEOS_DEPLOYMENT_TARGET = 17.0;
				LOCALIZATION_PREFERS_STRING_CATALOGS = YES;
				MTL_ENABLE_DEBUG_INFO = NO;
				MTL_FAST_MATH = YES;
				SDKROOT = iphoneos;
				SWIFT_COMPILATION_MODE = wholemodule;
				VALIDATE_PRODUCT = YES;
			};
			name = Release;
		};
		02E9A3642C9EB3310004AE8C /* Debug */ = {
			isa = XCBuildConfiguration;
			buildSettings = {
				ASSETCATALOG_COMPILER_APPICON_NAME = AppIcon;
				ASSETCATALOG_COMPILER_GLOBAL_ACCENT_COLOR_NAME = AccentColor;
				CODE_SIGN_STYLE = Automatic;
				CURRENT_PROJECT_VERSION = 1;
				DEVELOPMENT_ASSET_PATHS = "\"Weather/Preview Content\"";
				DEVELOPMENT_TEAM = SP5RUYUBZY;
				ENABLE_PREVIEWS = YES;
				GENERATE_INFOPLIST_FILE = YES;
				INFOPLIST_FILE = Weather/Info.plist;
				INFOPLIST_KEY_UIApplicationSceneManifest_Generation = YES;
				INFOPLIST_KEY_UIApplicationSupportsIndirectInputEvents = YES;
				INFOPLIST_KEY_UILaunchScreen_Generation = YES;
				INFOPLIST_KEY_UISupportedInterfaceOrientations_iPad = "UIInterfaceOrientationPortrait UIInterfaceOrientationPortraitUpsideDown UIInterfaceOrientationLandscapeLeft UIInterfaceOrientationLandscapeRight";
				INFOPLIST_KEY_UISupportedInterfaceOrientations_iPhone = "UIInterfaceOrientationPortrait UIInterfaceOrientationLandscapeLeft UIInterfaceOrientationLandscapeRight";
				LD_RUNPATH_SEARCH_PATHS = (
					"$(inherited)",
					"@executable_path/Frameworks",
				);
				MARKETING_VERSION = 1.0;
				PRODUCT_BUNDLE_IDENTIFIER = net.joeun.Weather;
				PRODUCT_NAME = "$(TARGET_NAME)";
				SWIFT_EMIT_LOC_STRINGS = YES;
				SWIFT_VERSION = 5.0;
				TARGETED_DEVICE_FAMILY = "1,2";
			};
			name = Debug;
		};
		02E9A3652C9EB3310004AE8C /* Release */ = {
			isa = XCBuildConfiguration;
			buildSettings = {
				ASSETCATALOG_COMPILER_APPICON_NAME = AppIcon;
				ASSETCATALOG_COMPILER_GLOBAL_ACCENT_COLOR_NAME = AccentColor;
				CODE_SIGN_STYLE = Automatic;
				CURRENT_PROJECT_VERSION = 1;
				DEVELOPMENT_ASSET_PATHS = "\"Weather/Preview Content\"";
				DEVELOPMENT_TEAM = SP5RUYUBZY;
				ENABLE_PREVIEWS = YES;
				GENERATE_INFOPLIST_FILE = YES;
				INFOPLIST_FILE = Weather/Info.plist;
				INFOPLIST_KEY_UIApplicationSceneManifest_Generation = YES;
				INFOPLIST_KEY_UIApplicationSupportsIndirectInputEvents = YES;
				INFOPLIST_KEY_UILaunchScreen_Generation = YES;
				INFOPLIST_KEY_UISupportedInterfaceOrientations_iPad = "UIInterfaceOrientationPortrait UIInterfaceOrientationPortraitUpsideDown UIInterfaceOrientationLandscapeLeft UIInterfaceOrientationLandscapeRight";
				INFOPLIST_KEY_UISupportedInterfaceOrientations_iPhone = "UIInterfaceOrientationPortrait UIInterfaceOrientationLandscapeLeft UIInterfaceOrientationLandscapeRight";
				LD_RUNPATH_SEARCH_PATHS = (
					"$(inherited)",
					"@executable_path/Frameworks",
				);
				MARKETING_VERSION = 1.0;
				PRODUCT_BUNDLE_IDENTIFIER = net.joeun.Weather;
				PRODUCT_NAME = "$(TARGET_NAME)";
				SWIFT_EMIT_LOC_STRINGS = YES;
				SWIFT_VERSION = 5.0;
				TARGETED_DEVICE_FAMILY = "1,2";
			};
			name = Release;
		};
/* End XCBuildConfiguration section */

/* Begin XCConfigurationList section */
		02E9A3502C9EB32F0004AE8C /* Build configuration list for PBXProject "Weather" */ = {
			isa = XCConfigurationList;
			buildConfigurations = (
				02E9A3612C9EB3310004AE8C /* Debug */,
				02E9A3622C9EB3310004AE8C /* Release */,
			);
			defaultConfigurationIsVisible = 0;
			defaultConfigurationName = Release;
		};
		02E9A3632C9EB3310004AE8C /* Build configuration list for PBXNativeTarget "Weather" */ = {
			isa = XCConfigurationList;
			buildConfigurations = (
				02E9A3642C9EB3310004AE8C /* Debug */,
				02E9A3652C9EB3310004AE8C /* Release */,
			);
			defaultConfigurationIsVisible = 0;
			defaultConfigurationName = Release;
		};
/* End XCConfigurationList section */

/* Begin XCRemoteSwiftPackageReference section */
		02ED4DEA2CCCA27100535F85 /* XCRemoteSwiftPackageReference "swift-composable-architecture" */ = {
			isa = XCRemoteSwiftPackageReference;
			repositoryURL = "https://github.com/pointfreeco/swift-composable-architecture.git";
			requirement = {
				kind = upToNextMajorVersion;
				minimumVersion = 1.15.2;
			};
		};
/* End XCRemoteSwiftPackageReference section */

/* Begin XCSwiftPackageProductDependency section */
		02ED4DEB2CCCA27100535F85 /* ComposableArchitecture */ = {
			isa = XCSwiftPackageProductDependency;
			package = 02ED4DEA2CCCA27100535F85 /* XCRemoteSwiftPackageReference "swift-composable-architecture" */;
			productName = ComposableArchitecture;
		};
/* End XCSwiftPackageProductDependency section */
	};
	rootObject = 02E9A34D2C9EB32F0004AE8C /* Project object */;
}
